
Microsoft Visual Studio Solution File, Format Version 12.00
# Visual Studio 15
VisualStudioVersion = 15.0.28307.1259
MinimumVisualStudioVersion = 10.0.40219.1
Project("{FAE04EC0-301F-11D3-BF4B-00C04F79EFBC}") = "FifthHomework", "FifthHomework\FifthHomework.csproj", "{C2C672CD-436B-4B1B-A4CF-978615830858}"
EndProject
Global
	GlobalSection(SolutionConfigurationPlatforms) = preSolution
		Debug|Any CPU = Debug|Any CPU
		Release|Any CPU = Release|Any CPU
	EndGlobalSection
	GlobalSection(ProjectConfigurationPlatforms) = postSolution
		{C2C672CD-436B-4B1B-A4CF-978615830858}.Debug|Any CPU.ActiveCfg = Debug|Any CPU
		{C2C672CD-436B-4B1B-A4CF-978615830858}.Debug|Any CPU.Build.0 = Debug|Any CPU
		{C2C672CD-436B-4B1B-A4CF-978615830858}.Release|Any CPU.ActiveCfg = Release|Any CPU
		{C2C672CD-436B-4B1B-A4CF-978615830858}.Release|Any CPU.Build.0 = Release|Any CPU
	EndGlobalSection
	GlobalSection(SolutionProperties) = preSolution
		HideSolutionNode = FALSE
	EndGlobalSection
	GlobalSection(ExtensibilityGlobals) = postSolution
		SolutionGuid = {0C52B47C-4030-48E1-97A9-41457FE878F7}
	EndGlobalSection
EndGlobal
